{
  "name": "homebridge-my-tesla",
  "version": "1.0.95",
  "lockfileVersion": 1,
  "requires": true,
  "dependencies": {
    "sprintf-js": {
      "version": "1.1.2",
      "resolved": "https://registry.npmjs.org/sprintf-js/-/sprintf-js-1.1.2.tgz",
      "integrity": "sha512-VE0SOVEHCk7Qc8ulkWw3ntAzXuqf7S2lvwQaDLRnUeIEaKNQJzV6BwmLKhOqT61aGhfUMrXeaBk+oDGCzvhcug=="
    },
    "tesla-api-request": {
      "version": "1.0.16",
      "resolved": "https://registry.npmjs.org/tesla-api-request/-/tesla-api-request-1.0.16.tgz",
      "integrity": "sha512-W7USRDxKO8I1psYMlf7CbZlJzpSndQGcQCjOVJmu9fGL82ELlKBbW60ejqHG0pD+qer2uD46Wglzmmf3OFKCiA=="
    },
    "yow": {
      "version": "1.0.110",
      "resolved": "https://registry.npmjs.org/yow/-/yow-1.0.110.tgz",
      "integrity": "sha512-MEBG31pnnk5WZOeMhD9K7exFBHDelIZOMIjlwnr7kG8IbAOpMkX8sNMeMKxSdieGO0FaNIlM2bUpDDcF8DHP4A==",
      "requires": {
        "sprintf-js": "^1.1.2"
      }
    }
  }
}
